Microsoft Visual Studio Solution File, Format Version 11.00
# Visual Studio 2008

Project("{94837657-D8D5-BF16-C1A0-C15C49AC740C}") = "Real_Game", "Assembly-CSharp-firstpass.csproj", "{5895B9A9-B13B-0E18-1B5E-349E28A7336F}"
EndProject
Project("{94837657-D8D5-BF16-C1A0-C15C49AC740C}") = "Real_Game", "Assembly-CSharp.csproj", "{A924FEC2-E17B-89FF-3E47-ED794AB892F4}"
EndProject
Project("{94837657-D8D5-BF16-C1A0-C15C49AC740C}") = "Real_Game", "Assembly-UnityScript-firstpass.unityproj", "{EF4F1529-D76C-B60B-8C72-80A3A7646A59}"
EndProject
Project("{94837657-D8D5-BF16-C1A0-C15C49AC740C}") = "Real_Game", "Assembly-UnityScript.unityproj", "{D1617153-18D0-786E-40FC-31E06186CC71}"
EndProject
Global
	GlobalSection(SolutionConfigurationPlatforms) = preSolution
		Debug|Any CPU = Debug|Any CPU
		Release|Any CPU = Release|Any CPU
	EndGlobalSection
	GlobalSection(ProjectConfigurationPlatforms) = postSolution
		{5895B9A9-B13B-0E18-1B5E-349E28A7336F}.Debug|Any CPU.ActiveCfg = Debug|Any CPU
		{5895B9A9-B13B-0E18-1B5E-349E28A7336F}.Debug|Any CPU.Build.0 = Debug|Any CPU
		{5895B9A9-B13B-0E18-1B5E-349E28A7336F}.Release|Any CPU.ActiveCfg = Release|Any CPU
		{5895B9A9-B13B-0E18-1B5E-349E28A7336F}.Release|Any CPU.Build.0 = Release|Any CPU
		{A924FEC2-E17B-89FF-3E47-ED794AB892F4}.Debug|Any CPU.ActiveCfg = Debug|Any CPU
		{A924FEC2-E17B-89FF-3E47-ED794AB892F4}.Debug|Any CPU.Build.0 = Debug|Any CPU
		{A924FEC2-E17B-89FF-3E47-ED794AB892F4}.Release|Any CPU.ActiveCfg = Release|Any CPU
		{A924FEC2-E17B-89FF-3E47-ED794AB892F4}.Release|Any CPU.Build.0 = Release|Any CPU
		{EF4F1529-D76C-B60B-8C72-80A3A7646A59}.Debug|Any CPU.ActiveCfg = Debug|Any CPU
		{EF4F1529-D76C-B60B-8C72-80A3A7646A59}.Debug|Any CPU.Build.0 = Debug|Any CPU
		{EF4F1529-D76C-B60B-8C72-80A3A7646A59}.Release|Any CPU.ActiveCfg = Release|Any CPU
		{EF4F1529-D76C-B60B-8C72-80A3A7646A59}.Release|Any CPU.Build.0 = Release|Any CPU
		{D1617153-18D0-786E-40FC-31E06186CC71}.Debug|Any CPU.ActiveCfg = Debug|Any CPU
		{D1617153-18D0-786E-40FC-31E06186CC71}.Debug|Any CPU.Build.0 = Debug|Any CPU
		{D1617153-18D0-786E-40FC-31E06186CC71}.Release|Any CPU.ActiveCfg = Release|Any CPU
		{D1617153-18D0-786E-40FC-31E06186CC71}.Release|Any CPU.Build.0 = Release|Any CPU
	EndGlobalSection
	GlobalSection(SolutionProperties) = preSolution
		HideSolutionNode = FALSE
	EndGlobalSection
																																																																																																						GlobalSection(MonoDevelopProperties) = preSolution
		StartupItem = Assembly-CSharp.csproj
		Policies = $0
		$0.TextStylePolicy = $1
		$1.inheritsSet = null
		$1.scope = text/x-csharp
		$0.CSharpFormattingPolicy = $2
		$2.inheritsSet = Mono
		$2.inheritsScope = text/x-csharp
		$2.scope = text/x-csharp
		$0.TextStylePolicy = $3
		$3.FileWidth = 120
		$3.TabWidth = 4
		$3.EolMarker = Unix
		$3.inheritsSet = Mono
		$3.inheritsScope = text/plain
		$3.scope = text/plain
	EndGlobalSection

EndGlobal
